
Microsoft Visual Studio Solution File, Format Version 12.00
# Visual Studio 14
VisualStudioVersion = 14.0.25420.1
MinimumVisualStudioVersion = 10.0.40219.1
Project("{FAE04EC0-301F-11D3-BF4B-00C04F79EFBC}") = "CadastroDeJogos", "CadastroDeJogos\CadastroDeJogos.csproj", "{80ED7187-0DCC-4EBB-823E-286C7CE463B1}"
EndProject
Project("{FAE04EC0-301F-11D3-BF4B-00C04F79EFBC}") = "CadastroDeJogos.Modelo", "WindowsFormsApplication1\CadastroDeJogos.Modelo.csproj", "{28AF4C86-DBE4-4E40-9237-1F8962EE249D}"
EndProject
Global
	GlobalSection(SolutionConfigurationPlatforms) = preSolution
		Debug|Any CPU = Debug|Any CPU
		Release|Any CPU = Release|Any CPU
	EndGlobalSection
	GlobalSection(ProjectConfigurationPlatforms) = postSolution
		{80ED7187-0DCC-4EBB-823E-286C7CE463B1}.Debug|Any CPU.ActiveCfg = Debug|Any CPU
		{80ED7187-0DCC-4EBB-823E-286C7CE463B1}.Debug|Any CPU.Build.0 = Debug|Any CPU
		{80ED7187-0DCC-4EBB-823E-286C7CE463B1}.Release|Any CPU.ActiveCfg = Release|Any CPU
		{80ED7187-0DCC-4EBB-823E-286C7CE463B1}.Release|Any CPU.Build.0 = Release|Any CPU
		{28AF4C86-DBE4-4E40-9237-1F8962EE249D}.Debug|Any CPU.ActiveCfg = Debug|Any CPU
		{28AF4C86-DBE4-4E40-9237-1F8962EE249D}.Debug|Any CPU.Build.0 = Debug|Any CPU
		{28AF4C86-DBE4-4E40-9237-1F8962EE249D}.Release|Any CPU.ActiveCfg = Release|Any CPU
		{28AF4C86-DBE4-4E40-9237-1F8962EE249D}.Release|Any CPU.Build.0 = Release|Any CPU
	EndGlobalSection
	GlobalSection(SolutionProperties) = preSolution
		HideSolutionNode = FALSE
	EndGlobalSection
EndGlobal
